{
    "_readme": [
        "This file locks the dependencies of your project to a known state",
        "Read more about it at https://getcomposer.org/doc/01-basic-usage.md#composer-lock-the-lock-file",
        "This file is @generated automatically"
    ],
    "content-hash": "f5ba6cddfdd71c2fd75a3981a5fe675d",
    "packages": [
        {
            "name": "beberlei/assert",
            "version": "v2.7.6",
            "source": {
                "type": "git",
                "url": "https://github.com/beberlei/assert.git",
                "reference": "8726e183ebbb0169cb6cb4832e22ebd355524563"
            },
            "dist": {
                "type": "zip",
                "url": "https://api.github.com/repos/beberlei/assert/zipball/8726e183ebbb0169cb6cb4832e22ebd355524563",
                "reference": "8726e183ebbb0169cb6cb4832e22ebd355524563",
                "shasum": ""
            },
            "require": {
                "ext-mbstring": "*",
                "php": ">=5.3"
            },
            "require-dev": {
                "friendsofphp/php-cs-fixer": "^2.1.1",
                "phpunit/phpunit": "^4|^5"
            },
            "type": "library",
            "autoload": {
                "psr-4": {
                    "Assert\\": "lib/Assert"
                },
                "files": [
                    "lib/Assert/functions.php"
                ]
            },
            "notification-url": "https://packagist.org/downloads/",
            "license": [
                "BSD-2-Clause"
            ],
            "authors": [
                {
                    "name": "Benjamin Eberlei",
                    "email": "kontakt@beberlei.de",
                    "role": "Lead Developer"
                },
                {
                    "name": "Richard Quadling",
                    "email": "rquadling@gmail.com",
                    "role": "Collaborator"
                }
            ],
            "description": "Thin assertion library for input validation in business models.",
            "keywords": [
                "assert",
                "assertion",
                "validation"
            ],
            "time": "2017-05-04T02:00:24+00:00"
        },
        {
            "name": "fes/money",
            "version": "dev-master",
            "source": {
                "type": "git",
                "url": "https://github.com/foreach-soft/money.git",
                "reference": "5729f112a42fe6c91fa354600d99e5f9e3ca63e4"
            },
            "dist": {
                "type": "zip",
                "url": "https://api.github.com/repos/foreach-soft/money/zipball/5729f112a42fe6c91fa354600d99e5f9e3ca63e4",
                "reference": "5729f112a42fe6c91fa354600d99e5f9e3ca63e4",
                "shasum": ""
            },
            "require": {
                "beberlei/assert": "^2.7",
                "php": ">=7.0"
            },
            "type": "library",
            "autoload": {
                "psr-4": {
                    "Fes\\Money\\": "src/"
                }
            },
            "notification-url": "https://packagist.org/downloads/",
            "license": [
                "MIT"
            ],
            "authors": [
                {
                    "name": "Itach1Uchixa",
                    "email": "kakjavlon@gmail.com"
                }
            ],
            "description": "Money library",
            "homepage": "https://github.com/foreach-soft/money",
            "time": "2017-08-25 16:20:36"
        }
    ],
    "packages-dev": [],
    "aliases": [],
    "minimum-stability": "dev",
    "stability-flags": {
        "fes/money": 20
    },
    "prefer-stable": false,
    "prefer-lowest": false,
    "platform": {
        "php": ">=7.0"
    },
    "platform-dev": []
}
